<Solution>
  <Project Path="HospitalManagementSystem.Application/HospitalManagementSystem.Application.csproj" />
  <Project Path="HospitalManagementSystem.Domain/HospitalManagementSystem.Domain.csproj" />
  <Project Path="HospitalManagementSystem.Infrastructure/HospitalManagementSystem.Infrastructure.csproj" />
  <Project Path="HospitalManagementSystem.UnitTests/HospitalManagementSystem.UnitTests.csproj" />
  <Project Path="HospitalManagementSystem.WebApi/HospitalManagementSystem.WebApi.csproj" />
</Solution>
